
Microsoft Visual Studio Solution File, Format Version 12.00
# Visual Studio Version 16
VisualStudioVersion = 16.0.33529.622
MinimumVisualStudioVersion = 10.0.40219.1
Project("{FAE04EC0-301F-11D3-BF4B-00C04F79EFBC}") = "dbilecalismak", "dbilecalismak.csproj", "{954BE0F7-F6A5-4B17-88EC-948487554FEC}"
EndProject
Global
	GlobalSection(SolutionConfigurationPlatforms) = preSolution
		Debug|Any CPU = Debug|Any CPU
		Release|Any CPU = Release|Any CPU
	EndGlobalSection
	GlobalSection(ProjectConfigurationPlatforms) = postSolution
		{954BE0F7-F6A5-4B17-88EC-948487554FEC}.Debug|Any CPU.ActiveCfg = Debug|Any CPU
		{954BE0F7-F6A5-4B17-88EC-948487554FEC}.Debug|Any CPU.Build.0 = Debug|Any CPU
		{954BE0F7-F6A5-4B17-88EC-948487554FEC}.Release|Any CPU.ActiveCfg = Release|Any CPU
		{954BE0F7-F6A5-4B17-88EC-948487554FEC}.Release|Any CPU.Build.0 = Release|Any CPU
	EndGlobalSection
	GlobalSection(SolutionProperties) = preSolution
		HideSolutionNode = FALSE
	EndGlobalSection
	GlobalSection(ExtensibilityGlobals) = postSolution
		SolutionGuid = {E7E50E96-93FC-4DDE-BBD9-8C3D4B82F1A7}
	EndGlobalSection
EndGlobal
